
Microsoft Visual Studio Solution File, Format Version 12.00
# Visual Studio Version 17
VisualStudioVersion = 17.13.35828.75
MinimumVisualStudioVersion = 10.0.40219.1
Project("{FAE04EC0-301F-11D3-BF4B-00C04F79EFBC}") = "T.world", "T.world\T.world.csproj", "{913ED6D6-5EBC-4778-A3D1-4BC014FE8CF2}"
EndProject
Project("{00D1A9C2-B5F0-4AF3-8072-F6C62B433612}") = "T.world_db", "T.world_db\T.world_db.sqlproj", "{8D5D924D-97D4-480B-8F83-E53B0261242F}"
EndProject
Global
	GlobalSection(SolutionConfigurationPlatforms) = preSolution
		Debug|Any CPU = Debug|Any CPU
		Release|Any CPU = Release|Any CPU
	EndGlobalSection
	GlobalSection(ProjectConfigurationPlatforms) = postSolution
		{913ED6D6-5EBC-4778-A3D1-4BC014FE8CF2}.Debug|Any CPU.ActiveCfg = Debug|Any CPU
		{913ED6D6-5EBC-4778-A3D1-4BC014FE8CF2}.Debug|Any CPU.Build.0 = Debug|Any CPU
		{913ED6D6-5EBC-4778-A3D1-4BC014FE8CF2}.Release|Any CPU.ActiveCfg = Release|Any CPU
		{913ED6D6-5EBC-4778-A3D1-4BC014FE8CF2}.Release|Any CPU.Build.0 = Release|Any CPU
		{8D5D924D-97D4-480B-8F83-E53B0261242F}.Debug|Any CPU.ActiveCfg = Debug|Any CPU
		{8D5D924D-97D4-480B-8F83-E53B0261242F}.Debug|Any CPU.Build.0 = Debug|Any CPU
		{8D5D924D-97D4-480B-8F83-E53B0261242F}.Debug|Any CPU.Deploy.0 = Debug|Any CPU
		{8D5D924D-97D4-480B-8F83-E53B0261242F}.Release|Any CPU.ActiveCfg = Release|Any CPU
		{8D5D924D-97D4-480B-8F83-E53B0261242F}.Release|Any CPU.Build.0 = Release|Any CPU
		{8D5D924D-97D4-480B-8F83-E53B0261242F}.Release|Any CPU.Deploy.0 = Release|Any CPU
	EndGlobalSection
	GlobalSection(SolutionProperties) = preSolution
		HideSolutionNode = FALSE
	EndGlobalSection
	GlobalSection(ExtensibilityGlobals) = postSolution
		SolutionGuid = {A028E83C-FE6E-4E3E-AF6B-D4252D7877AE}
	EndGlobalSection
EndGlobal
